// !$*UTF8*$!
{
	archiveVersion = 1;
	classes = {
	};
	objectVersion = 46;
	objects = {

/* Begin PBXBuildFile section */
		6C4161B91743B5DF0040FB98 /* UIKit.framework in Frameworks */ = {isa = PBXBuildFile; fileRef = 6C4161B81743B5DF0040FB98 /* UIKit.framework */; };
		6C4161BB1743B5DF0040FB98 /* Foundation.framework in Frameworks */ = {isa = PBXBuildFile; fileRef = 6C4161BA1743B5DF0040FB98 /* Foundation.framework */; };
		6C4161BD1743B5DF0040FB98 /* CoreGraphics.framework in Frameworks */ = {isa = PBXBuildFile; fileRef = 6C4161BC1743B5DF0040FB98 /* CoreGraphics.framework */; };
		6C4161C31743B5DF0040FB98 /* InfoPlist.strings in Resources */ = {isa = PBXBuildFile; fileRef = 6C4161C11743B5DF0040FB98 /* InfoPlist.strings */; };
		6C4161C51743B5DF0040FB98 /* main.m in Sources */ = {isa = PBXBuildFile; fileRef = 6C4161C41743B5DF0040FB98 /* main.m */; };
		6C4161C91743B5DF0040FB98 /* AppDelegate.m in Sources */ = {isa = PBXBuildFile; fileRef = 6C4161C81743B5DF0040FB98 /* AppDelegate.m */; };
		6C4161CB1743B5DF0040FB98 /* Default.png in Resources */ = {isa = PBXBuildFile; fileRef = 6C4161CA1743B5DF0040FB98 /* Default.png */; };
		6C4161CD1743B5DF0040FB98 /* Default@2x.png in Resources */ = {isa = PBXBuildFile; fileRef = 6C4161CC1743B5DF0040FB98 /* Default@2x.png */; };
		6C4161CF1743B5DF0040FB98 /* Default-568h@2x.png in Resources */ = {isa = PBXBuildFile; fileRef = 6C4161CE1743B5DF0040FB98 /* Default-568h@2x.png */; };
		6C4161D21743B5DF0040FB98 /* MainStoryboard_iPhone.storyboard in Resources */ = {isa = PBXBuildFile; fileRef = 6C4161D01743B5DF0040FB98 /* MainStoryboard_iPhone.storyboard */; };
		6C4161D51743B5DF0040FB98 /* MainStoryboard_iPad.storyboard in Resources */ = {isa = PBXBuildFile; fileRef = 6C4161D31743B5DF0040FB98 /* MainStoryboard_iPad.storyboard */; };
		6C4161E01743B5DF0040FB98 /* SenTestingKit.framework in Frameworks */ = {isa = PBXBuildFile; fileRef = 6C4161DF1743B5DF0040FB98 /* SenTestingKit.framework */; };
		6C4161E11743B5DF0040FB98 /* UIKit.framework in Frameworks */ = {isa = PBXBuildFile; fileRef = 6C4161B81743B5DF0040FB98 /* UIKit.framework */; };
		6C4161E21743B5DF0040FB98 /* Foundation.framework in Frameworks */ = {isa = PBXBuildFile; fileRef = 6C4161BA1743B5DF0040FB98 /* Foundation.framework */; };
		6C4161EA1743B5DF0040FB98 /* InfoPlist.strings in Resources */ = {isa = PBXBuildFile; fileRef = 6C4161E81743B5DF0040FB98 /* InfoPlist.strings */; };
		6C4161ED1743B5DF0040FB98 /* GTurnsTests.m in Sources */ = {isa = PBXBuildFile; fileRef = 6C4161EC1743B5DF0040FB98 /* GTurnsTests.m */; };
		6C4162001743B6380040FB98 /* BTManager.m in Sources */ = {isa = PBXBuildFile; fileRef = 6C4161F81743B6380040FB98 /* BTManager.m */; };
		6C4162011743B6380040FB98 /* BLEUtility.m in Sources */ = {isa = PBXBuildFile; fileRef = 6C4161FB1743B6380040FB98 /* BLEUtility.m */; };
		6C4162021743B6380040FB98 /* Main Program.m in Sources */ = {isa = PBXBuildFile; fileRef = 6C4161FD1743B6380040FB98 /* Main Program.m */; };
		6C4162031743B6380040FB98 /* Sensors.m in Sources */ = {isa = PBXBuildFile; fileRef = 6C4161FF1743B6380040FB98 /* Sensors.m */; };
		6C4162051743B64D0040FB98 /* CoreBluetooth.framework in Frameworks */ = {isa = PBXBuildFile; fileRef = 6C4162041743B64D0040FB98 /* CoreBluetooth.framework */; };
		6C4162081743B73C0040FB98 /* MainTabViewController.m in Sources */ = {isa = PBXBuildFile; fileRef = 6C4162071743B73C0040FB98 /* MainTabViewController.m */; };
		6C93BC3A174418690040F66B /* GTurnsConst.m in Sources */ = {isa = PBXBuildFile; fileRef = 6C93BC39174418690040F66B /* GTurnsConst.m */; };
		6C93BC3D174429F80040F66B /* ConfigTabViewController.m in Sources */ = {isa = PBXBuildFile; fileRef = 6C93BC3C174429F80040F66B /* ConfigTabViewController.m */; };
/* End PBXBuildFile section */

/* Begin PBXContainerItemProxy section */
		6C4161E31743B5DF0040FB98 /* PBXContainerItemProxy */ = {
			isa = PBXContainerItemProxy;
			containerPortal = 6C4161AD1743B5DF0040FB98 /* Project object */;
			proxyType = 1;
			remoteGlobalIDString = 6C4161B41743B5DF0040FB98;
			remoteInfo = GTurns;
		};
/* End PBXContainerItemProxy section */

/* Begin PBXFileReference section */
		6C4161B51743B5DF0040FB98 /* GTurns.app */ = {isa = PBXFileReference; explicitFileType = wrapper.application; includeInIndex = 0; path = GTurns.app; sourceTree = BUILT_PRODUCTS_DIR; };
		6C4161B81743B5DF0040FB98 /* UIKit.framework */ = {isa = PBXFileReference; lastKnownFileType = wrapper.framework; name = UIKit.framework; path = System/Library/Frameworks/UIKit.framework; sourceTree = SDKROOT; };
		6C4161BA1743B5DF0040FB98 /* Foundation.framework */ = {isa = PBXFileReference; lastKnownFileType = wrapper.framework; name = Foundation.framework; path = System/Library/Frameworks/Foundation.framework; sourceTree = SDKROOT; };
		6C4161BC1743B5DF0040FB98 /* CoreGraphics.framework */ = {isa = PBXFileReference; lastKnownFileType = wrapper.framework; name = CoreGraphics.framework; path = System/Library/Frameworks/CoreGraphics.framework; sourceTree = SDKROOT; };
		6C4161C01743B5DF0040FB98 /* GTurns-Info.plist */ = {isa = PBXFileReference; lastKnownFileType = text.plist.xml; path = "GTurns-Info.plist"; sourceTree = "<group>"; };
		6C4161C21743B5DF0040FB98 /* en */ = {isa = PBXFileReference; lastKnownFileType = text.plist.strings; name = en; path = en.lproj/InfoPlist.strings; sourceTree = "<group>"; };
		6C4161C41743B5DF0040FB98 /* main.m */ = {isa = PBXFileReference; lastKnownFileType = sourcecode.c.objc; path = main.m; sourceTree = "<group>"; };
		6C4161C61743B5DF0040FB98 /* GTurns-Prefix.pch */ = {isa = PBXFileReference; lastKnownFileType = sourcecode.c.h; path = "GTurns-Prefix.pch"; sourceTree = "<group>"; };
		6C4161C71743B5DF0040FB98 /* AppDelegate.h */ = {isa = PBXFileReference; lastKnownFileType = sourcecode.c.h; path = AppDelegate.h; sourceTree = "<group>"; };
		6C4161C81743B5DF0040FB98 /* AppDelegate.m */ = {isa = PBXFileReference; lastKnownFileType = sourcecode.c.objc; path = AppDelegate.m; sourceTree = "<group>"; };
		6C4161CA1743B5DF0040FB98 /* Default.png */ = {isa = PBXFileReference; lastKnownFileType = image.png; path = Default.png; sourceTree = "<group>"; };
		6C4161CC1743B5DF0040FB98 /* Default@2x.png */ = {isa = PBXFileReference; lastKnownFileType = image.png; path = "Default@2x.png"; sourceTree = "<group>"; };
		6C4161CE1743B5DF0040FB98 /* Default-568h@2x.png */ = {isa = PBXFileReference; lastKnownFileType = image.png; path = "Default-568h@2x.png"; sourceTree = "<group>"; };
		6C4161D11743B5DF0040FB98 /* en */ = {isa = PBXFileReference; lastKnownFileType = file.storyboard; name = en; path = en.lproj/MainStoryboard_iPhone.storyboard; sourceTree = "<group>"; };
		6C4161D41743B5DF0040FB98 /* en */ = {isa = PBXFileReference; lastKnownFileType = file.storyboard; name = en; path = en.lproj/MainStoryboard_iPad.storyboard; sourceTree = "<group>"; };
		6C4161DE1743B5DF0040FB98 /* GTurnsTests.octest */ = {isa = PBXFileReference; explicitFileType = wrapper.cfbundle; includeInIndex = 0; path = GTurnsTests.octest; sourceTree = BUILT_PRODUCTS_DIR; };
		6C4161DF1743B5DF0040FB98 /* SenTestingKit.framework */ = {isa = PBXFileReference; lastKnownFileType = wrapper.framework; name = SenTestingKit.framework; path = Library/Frameworks/SenTestingKit.framework; sourceTree = DEVELOPER_DIR; };
		6C4161E71743B5DF0040FB98 /* GTurnsTests-Info.plist */ = {isa = PBXFileReference; lastKnownFileType = text.plist.xml; path = "GTurnsTests-Info.plist"; sourceTree = "<group>"; };
		6C4161E91743B5DF0040FB98 /* en */ = {isa = PBXFileReference; lastKnownFileType = text.plist.strings; name = en; path = en.lproj/InfoPlist.strings; sourceTree = "<group>"; };
		6C4161EB1743B5DF0040FB98 /* GTurnsTests.h */ = {isa = PBXFileReference; lastKnownFileType = sourcecode.c.h; path = GTurnsTests.h; sourceTree = "<group>"; };
		6C4161EC1743B5DF0040FB98 /* GTurnsTests.m */ = {isa = PBXFileReference; lastKnownFileType = sourcecode.c.objc; path = GTurnsTests.m; sourceTree = "<group>"; };
		6C4161F71743B6380040FB98 /* BTManager.h */ = {isa = PBXFileReference; fileEncoding = 4; lastKnownFileType = sourcecode.c.h; path = BTManager.h; sourceTree = "<group>"; };
		6C4161F81743B6380040FB98 /* BTManager.m */ = {isa = PBXFileReference; fileEncoding = 4; lastKnownFileType = sourcecode.c.objc; path = BTManager.m; sourceTree = "<group>"; };
		6C4161FA1743B6380040FB98 /* BLEUtility.h */ = {isa = PBXFileReference; fileEncoding = 4; lastKnownFileType = sourcecode.c.h; path = BLEUtility.h; sourceTree = "<group>"; };
		6C4161FB1743B6380040FB98 /* BLEUtility.m */ = {isa = PBXFileReference; fileEncoding = 4; lastKnownFileType = sourcecode.c.objc; path = BLEUtility.m; sourceTree = "<group>"; };
		6C4161FC1743B6380040FB98 /* Main Program.h */ = {isa = PBXFileReference; fileEncoding = 4; lastKnownFileType = sourcecode.c.h; path = "Main Program.h"; sourceTree = "<group>"; };
		6C4161FD1743B6380040FB98 /* Main Program.m */ = {isa = PBXFileReference; fileEncoding = 4; lastKnownFileType = sourcecode.c.objc; path = "Main Program.m"; sourceTree = "<group>"; };
		6C4161FE1743B6380040FB98 /* Sensors.h */ = {isa = PBXFileReference; fileEncoding = 4; lastKnownFileType = sourcecode.c.h; path = Sensors.h; sourceTree = "<group>"; };
		6C4161FF1743B6380040FB98 /* Sensors.m */ = {isa = PBXFileReference; fileEncoding = 4; lastKnownFileType = sourcecode.c.objc; path = Sensors.m; sourceTree = "<group>"; };
		6C4162041743B64D0040FB98 /* CoreBluetooth.framework */ = {isa = PBXFileReference; lastKnownFileType = wrapper.framework; name = CoreBluetooth.framework; path = System/Library/Frameworks/CoreBluetooth.framework; sourceTree = SDKROOT; };
		6C4162061743B73C0040FB98 /* MainTabViewController.h */ = {isa = PBXFileReference; fileEncoding = 4; lastKnownFileType = sourcecode.c.h; name = MainTabViewController.h; path = View/MainTabViewController.h; sourceTree = "<group>"; };
		6C4162071743B73C0040FB98 /* MainTabViewController.m */ = {isa = PBXFileReference; fileEncoding = 4; lastKnownFileType = sourcecode.c.objc; name = MainTabViewController.m; path = View/MainTabViewController.m; sourceTree = "<group>"; };
		6C93BC38174418690040F66B /* GTurnsConst.h */ = {isa = PBXFileReference; fileEncoding = 4; lastKnownFileType = sourcecode.c.h; path = GTurnsConst.h; sourceTree = "<group>"; };
		6C93BC39174418690040F66B /* GTurnsConst.m */ = {isa = PBXFileReference; fileEncoding = 4; lastKnownFileType = sourcecode.c.objc; path = GTurnsConst.m; sourceTree = "<group>"; };
		6C93BC3B174429F80040F66B /* ConfigTabViewController.h */ = {isa = PBXFileReference; fileEncoding = 4; lastKnownFileType = sourcecode.c.h; name = ConfigTabViewController.h; path = View/ConfigTabViewController.h; sourceTree = "<group>"; };
		6C93BC3C174429F80040F66B /* ConfigTabViewController.m */ = {isa = PBXFileReference; fileEncoding = 4; lastKnownFileType = sourcecode.c.objc; name = ConfigTabViewController.m; path = View/ConfigTabViewController.m; sourceTree = "<group>"; };
/* End PBXFileReference section */

/* Begin PBXFrameworksBuildPhase section */
		6C4161B21743B5DF0040FB98 /* Frameworks */ = {
			isa = PBXFrameworksBuildPhase;
			buildActionMask = 2147483647;
			files = (
				6C4162051743B64D0040FB98 /* CoreBluetooth.framework in Frameworks */,
				6C4161B91743B5DF0040FB98 /* UIKit.framework in Frameworks */,
				6C4161BB1743B5DF0040FB98 /* Foundation.framework in Frameworks */,
				6C4161BD1743B5DF0040FB98 /* CoreGraphics.framework in Frameworks */,
			);
			runOnlyForDeploymentPostprocessing = 0;
		};
		6C4161DA1743B5DF0040FB98 /* Frameworks */ = {
			isa = PBXFrameworksBuildPhase;
			buildActionMask = 2147483647;
			files = (
				6C4161E01743B5DF0040FB98 /* SenTestingKit.framework in Frameworks */,
				6C4161E11743B5DF0040FB98 /* UIKit.framework in Frameworks */,
				6C4161E21743B5DF0040FB98 /* Foundation.framework in Frameworks */,
			);
			runOnlyForDeploymentPostprocessing = 0;
		};
/* End PBXFrameworksBuildPhase section */

/* Begin PBXGroup section */
		6C4161AC1743B5DF0040FB98 = {
			isa = PBXGroup;
			children = (
				6C4161BE1743B5DF0040FB98 /* GTurns */,
				6C4161E51743B5DF0040FB98 /* GTurnsTests */,
				6C4161B71743B5DF0040FB98 /* Frameworks */,
				6C4161B61743B5DF0040FB98 /* Products */,
			);
			sourceTree = "<group>";
		};
		6C4161B61743B5DF0040FB98 /* Products */ = {
			isa = PBXGroup;
			children = (
				6C4161B51743B5DF0040FB98 /* GTurns.app */,
				6C4161DE1743B5DF0040FB98 /* GTurnsTests.octest */,
			);
			name = Products;
			sourceTree = "<group>";
		};
		6C4161B71743B5DF0040FB98 /* Frameworks */ = {
			isa = PBXGroup;
			children = (
				6C4162041743B64D0040FB98 /* CoreBluetooth.framework */,
				6C4161B81743B5DF0040FB98 /* UIKit.framework */,
				6C4161BA1743B5DF0040FB98 /* Foundation.framework */,
				6C4161BC1743B5DF0040FB98 /* CoreGraphics.framework */,
				6C4161DF1743B5DF0040FB98 /* SenTestingKit.framework */,
			);
			name = Frameworks;
			sourceTree = "<group>";
		};
		6C4161BE1743B5DF0040FB98 /* GTurns */ = {
			isa = PBXGroup;
			children = (
				6C4162091743B7620040FB98 /* View */,
				6C4161C71743B5DF0040FB98 /* AppDelegate.h */,
				6C4161C81743B5DF0040FB98 /* AppDelegate.m */,
				6C4161F61743B6380040FB98 /* BT */,
				6C4161BF1743B5DF0040FB98 /* Supporting Files */,
				6C93BC38174418690040F66B /* GTurnsConst.h */,
				6C93BC39174418690040F66B /* GTurnsConst.m */,
			);
			path = GTurns;
			sourceTree = "<group>";
		};
		6C4161BF1743B5DF0040FB98 /* Supporting Files */ = {
			isa = PBXGroup;
			children = (
				6C4161C01743B5DF0040FB98 /* GTurns-Info.plist */,
				6C4161C11743B5DF0040FB98 /* InfoPlist.strings */,
				6C4161C41743B5DF0040FB98 /* main.m */,
				6C4161C61743B5DF0040FB98 /* GTurns-Prefix.pch */,
				6C4161CA1743B5DF0040FB98 /* Default.png */,
				6C4161CC1743B5DF0040FB98 /* Default@2x.png */,
				6C4161CE1743B5DF0040FB98 /* Default-568h@2x.png */,
			);
			name = "Supporting Files";
			sourceTree = "<group>";
		};
		6C4161E51743B5DF0040FB98 /* GTurnsTests */ = {
			isa = PBXGroup;
			children = (
				6C4161EB1743B5DF0040FB98 /* GTurnsTests.h */,
				6C4161EC1743B5DF0040FB98 /* GTurnsTests.m */,
				6C4161E61743B5DF0040FB98 /* Supporting Files */,
			);
			path = GTurnsTests;
			sourceTree = "<group>";
		};
		6C4161E61743B5DF0040FB98 /* Supporting Files */ = {
			isa = PBXGroup;
			children = (
				6C4161E71743B5DF0040FB98 /* GTurnsTests-Info.plist */,
				6C4161E81743B5DF0040FB98 /* InfoPlist.strings */,
			);
			name = "Supporting Files";
			sourceTree = "<group>";
		};
		6C4161F61743B6380040FB98 /* BT */ = {
			isa = PBXGroup;
			children = (
				6C4161F71743B6380040FB98 /* BTManager.h */,
				6C4161F81743B6380040FB98 /* BTManager.m */,
				6C4161F91743B6380040FB98 /* TI */,
			);
			path = BT;
			sourceTree = "<group>";
		};
		6C4161F91743B6380040FB98 /* TI */ = {
			isa = PBXGroup;
			children = (
				6C4161FA1743B6380040FB98 /* BLEUtility.h */,
				6C4161FB1743B6380040FB98 /* BLEUtility.m */,
				6C4161FC1743B6380040FB98 /* Main Program.h */,
				6C4161FD1743B6380040FB98 /* Main Program.m */,
				6C4161FE1743B6380040FB98 /* Sensors.h */,
				6C4161FF1743B6380040FB98 /* Sensors.m */,
			);
			path = TI;
			sourceTree = "<group>";
		};
		6C4162091743B7620040FB98 /* View */ = {
			isa = PBXGroup;
			children = (
				6C4161D01743B5DF0040FB98 /* MainStoryboard_iPhone.storyboard */,
				6C4161D31743B5DF0040FB98 /* MainStoryboard_iPad.storyboard */,
				6C4162061743B73C0040FB98 /* MainTabViewController.h */,
				6C4162071743B73C0040FB98 /* MainTabViewController.m */,
				6C93BC3B174429F80040F66B /* ConfigTabViewController.h */,
				6C93BC3C174429F80040F66B /* ConfigTabViewController.m */,
			);
			name = View;
			sourceTree = "<group>";
		};
/* End PBXGroup section */

/* Begin PBXNativeTarget section */
		6C4161B41743B5DF0040FB98 /* GTurns */ = {
			isa = PBXNativeTarget;
			buildConfigurationList = 6C4161F01743B5DF0040FB98 /* Build configuration list for PBXNativeTarget "GTurns" */;
			buildPhases = (
				6C4161B11743B5DF0040FB98 /* Sources */,
				6C4161B21743B5DF0040FB98 /* Frameworks */,
				6C4161B31743B5DF0040FB98 /* Resources */,
			);
			buildRules = (
			);
			dependencies = (
			);
			name = GTurns;
			productName = GTurns;
			productReference = 6C4161B51743B5DF0040FB98 /* GTurns.app */;
			productType = "com.apple.product-type.application";
		};
		6C4161DD1743B5DF0040FB98 /* GTurnsTests */ = {
			isa = PBXNativeTarget;
			buildConfigurationList = 6C4161F31743B5DF0040FB98 /* Build configuration list for PBXNativeTarget "GTurnsTests" */;
			buildPhases = (
				6C4161D91743B5DF0040FB98 /* Sources */,
				6C4161DA1743B5DF0040FB98 /* Frameworks */,
				6C4161DB1743B5DF0040FB98 /* Resources */,
				6C4161DC1743B5DF0040FB98 /* ShellScript */,
			);
			buildRules = (
			);
			dependencies = (
				6C4161E41743B5DF0040FB98 /* PBXTargetDependency */,
			);
			name = GTurnsTests;
			productName = GTurnsTests;
			productReference = 6C4161DE1743B5DF0040FB98 /* GTurnsTests.octest */;
			productType = "com.apple.product-type.bundle";
		};
/* End PBXNativeTarget section */

/* Begin PBXProject section */
		6C4161AD1743B5DF0040FB98 /* Project object */ = {
			isa = PBXProject;
			attributes = {
				LastUpgradeCheck = 0460;
				ORGANIZATIONNAME = "Matt Higgins";
			};
			buildConfigurationList = 6C4161B01743B5DF0040FB98 /* Build configuration list for PBXProject "GTurns" */;
			compatibilityVersion = "Xcode 3.2";
			developmentRegion = English;
			hasScannedForEncodings = 0;
			knownRegions = (
				en,
			);
			mainGroup = 6C4161AC1743B5DF0040FB98;
			productRefGroup = 6C4161B61743B5DF0040FB98 /* Products */;
			projectDirPath = "";
			projectRoot = "";
			targets = (
				6C4161B41743B5DF0040FB98 /* GTurns */,
				6C4161DD1743B5DF0040FB98 /* GTurnsTests */,
			);
		};
/* End PBXProject section */

/* Begin PBXResourcesBuildPhase section */
		6C4161B31743B5DF0040FB98 /* Resources */ = {
			isa = PBXResourcesBuildPhase;
			buildActionMask = 2147483647;
			files = (
				6C4161C31743B5DF0040FB98 /* InfoPlist.strings in Resources */,
				6C4161CB1743B5DF0040FB98 /* Default.png in Resources */,
				6C4161CD1743B5DF0040FB98 /* Default@2x.png in Resources */,
				6C4161CF1743B5DF0040FB98 /* Default-568h@2x.png in Resources */,
				6C4161D21743B5DF0040FB98 /* MainStoryboard_iPhone.storyboard in Resources */,
				6C4161D51743B5DF0040FB98 /* MainStoryboard_iPad.storyboard in Resources */,
			);
			runOnlyForDeploymentPostprocessing = 0;
		};
		6C4161DB1743B5DF0040FB98 /* Resources */ = {
			isa = PBXResourcesBuildPhase;
			buildActionMask = 2147483647;
			files = (
				6C4161EA1743B5DF0040FB98 /* InfoPlist.strings in Resources */,
			);
			runOnlyForDeploymentPostprocessing = 0;
		};
/* End PBXResourcesBuildPhase section */

/* Begin PBXShellScriptBuildPhase section */
		6C4161DC1743B5DF0040FB98 /* ShellScript */ = {
			isa = PBXShellScriptBuildPhase;
			buildActionMask = 2147483647;
			files = (
			);
			inputPaths = (
			);
			outputPaths = (
			);
			runOnlyForDeploymentPostprocessing = 0;
			shellPath = /bin/sh;
			shellScript = "# Run the unit tests in this test bundle.\n\"${SYSTEM_DEVELOPER_DIR}/Tools/RunUnitTests\"\n";
		};
/* End PBXShellScriptBuildPhase section */

/* Begin PBXSourcesBuildPhase section */
		6C4161B11743B5DF0040FB98 /* Sources */ = {
			isa = PBXSourcesBuildPhase;
			buildActionMask = 2147483647;
			files = (
				6C4161C51743B5DF0040FB98 /* main.m in Sources */,
				6C4161C91743B5DF0040FB98 /* AppDelegate.m in Sources */,
				6C4162001743B6380040FB98 /* BTManager.m in Sources */,
				6C4162011743B6380040FB98 /* BLEUtility.m in Sources */,
				6C4162021743B6380040FB98 /* Main Program.m in Sources */,
				6C4162031743B6380040FB98 /* Sensors.m in Sources */,
				6C4162081743B73C0040FB98 /* MainTabViewController.m in Sources */,
				6C93BC3A174418690040F66B /* GTurnsConst.m in Sources */,
				6C93BC3D174429F80040F66B /* ConfigTabViewController.m in Sources */,
			);
			runOnlyForDeploymentPostprocessing = 0;
		};
		6C4161D91743B5DF0040FB98 /* Sources */ = {
			isa = PBXSourcesBuildPhase;
			buildActionMask = 2147483647;
			files = (
				6C4161ED1743B5DF0040FB98 /* GTurnsTests.m in Sources */,
			);
			runOnlyForDeploymentPostprocessing = 0;
		};
/* End PBXSourcesBuildPhase section */

/* Begin PBXTargetDependency section */
		6C4161E41743B5DF0040FB98 /* PBXTargetDependency */ = {
			isa = PBXTargetDependency;
			target = 6C4161B41743B5DF0040FB98 /* GTurns */;
			targetProxy = 6C4161E31743B5DF0040FB98 /* PBXContainerItemProxy */;
		};
/* End PBXTargetDependency section */

/* Begin PBXVariantGroup section */
		6C4161C11743B5DF0040FB98 /* InfoPlist.strings */ = {
			isa = PBXVariantGroup;
			children = (
				6C4161C21743B5DF0040FB98 /* en */,
			);
			name = InfoPlist.strings;
			sourceTree = "<group>";
		};
		6C4161D01743B5DF0040FB98 /* MainStoryboard_iPhone.storyboard */ = {
			isa = PBXVariantGroup;
			children = (
				6C4161D11743B5DF0040FB98 /* en */,
			);
			name = MainStoryboard_iPhone.storyboard;
			sourceTree = "<group>";
		};
		6C4161D31743B5DF0040FB98 /* MainStoryboard_iPad.storyboard */ = {
			isa = PBXVariantGroup;
			children = (
				6C4161D41743B5DF0040FB98 /* en */,
			);
			name = MainStoryboard_iPad.storyboard;
			sourceTree = "<group>";
		};
		6C4161E81743B5DF0040FB98 /* InfoPlist.strings */ = {
			isa = PBXVariantGroup;
			children = (
				6C4161E91743B5DF0040FB98 /* en */,
			);
			name = InfoPlist.strings;
			sourceTree = "<group>";
		};
/* End PBXVariantGroup section */

/* Begin XCBuildConfiguration section */
		6C4161EE1743B5DF0040FB98 /* Debug */ = {
			isa = XCBuildConfiguration;
			buildSettings = {
				ALWAYS_SEARCH_USER_PATHS = NO;
				CLANG_CXX_LANGUAGE_STANDARD = "gnu++0x";
				CLANG_CXX_LIBRARY = "libc++";
				CLANG_ENABLE_OBJC_ARC = YES;
				CLANG_WARN_CONSTANT_CONVERSION = YES;
				CLANG_WARN_EMPTY_BODY = YES;
				CLANG_WARN_ENUM_CONVERSION = YES;
				CLANG_WARN_INT_CONVERSION = YES;
				CLANG_WARN__DUPLICATE_METHOD_MATCH = YES;
				"CODE_SIGN_IDENTITY[sdk=iphoneos*]" = "iPhone Developer";
				COPY_PHASE_STRIP = NO;
				GCC_C_LANGUAGE_STANDARD = gnu99;
				GCC_DYNAMIC_NO_PIC = NO;
				GCC_OPTIMIZATION_LEVEL = 0;
				GCC_PREPROCESSOR_DEFINITIONS = (
					"DEBUG=1",
					"$(inherited)",
				);
				GCC_SYMBOLS_PRIVATE_EXTERN = NO;
				GCC_WARN_ABOUT_RETURN_TYPE = YES;
				GCC_WARN_UNINITIALIZED_AUTOS = YES;
				GCC_WARN_UNUSED_VARIABLE = YES;
				IPHONEOS_DEPLOYMENT_TARGET = 6.1;
				ONLY_ACTIVE_ARCH = YES;
				SDKROOT = iphoneos;
				TARGETED_DEVICE_FAMILY = "1,2";
			};
			name = Debug;
		};
		6C4161EF1743B5DF0040FB98 /* Release */ = {
			isa = XCBuildConfiguration;
			buildSettings = {
				ALWAYS_SEARCH_USER_PATHS = NO;
				CLANG_CXX_LANGUAGE_STANDARD = "gnu++0x";
				CLANG_CXX_LIBRARY = "libc++";
				CLANG_ENABLE_OBJC_ARC = YES;
				CLANG_WARN_CONSTANT_CONVERSION = YES;
				CLANG_WARN_EMPTY_BODY = YES;
				CLANG_WARN_ENUM_CONVERSION = YES;
				CLANG_WARN_INT_CONVERSION = YES;
				CLANG_WARN__DUPLICATE_METHOD_MATCH = YES;
				"CODE_SIGN_IDENTITY[sdk=iphoneos*]" = "iPhone Developer";
				COPY_PHASE_STRIP = YES;
				GCC_C_LANGUAGE_STANDARD = gnu99;
				GCC_WARN_ABOUT_RETURN_TYPE = YES;
				GCC_WARN_UNINITIALIZED_AUTOS = YES;
				GCC_WARN_UNUSED_VARIABLE = YES;
				IPHONEOS_DEPLOYMENT_TARGET = 6.1;
				OTHER_CFLAGS = "-DNS_BLOCK_ASSERTIONS=1";
				SDKROOT = iphoneos;
				TARGETED_DEVICE_FAMILY = "1,2";
				VALIDATE_PRODUCT = YES;
			};
			name = Release;
		};
		6C4161F11743B5DF0040FB98 /* Debug */ = {
			isa = XCBuildConfiguration;
			buildSettings = {
				GCC_PRECOMPILE_PREFIX_HEADER = YES;
				GCC_PREFIX_HEADER = "GTurns/GTurns-Prefix.pch";
				INFOPLIST_FILE = "GTurns/GTurns-Info.plist";
				PRODUCT_NAME = "$(TARGET_NAME)";
				VALID_ARCHS = "armv7 armv7s";
				WRAPPER_EXTENSION = app;
			};
			name = Debug;
		};
		6C4161F21743B5DF0040FB98 /* Release */ = {
			isa = XCBuildConfiguration;
			buildSettings = {
				GCC_PRECOMPILE_PREFIX_HEADER = YES;
				GCC_PREFIX_HEADER = "GTurns/GTurns-Prefix.pch";
				INFOPLIST_FILE = "GTurns/GTurns-Info.plist";
				PRODUCT_NAME = "$(TARGET_NAME)";
				VALID_ARCHS = "armv7 armv7s";
				WRAPPER_EXTENSION = app;
			};
			name = Release;
		};
		6C4161F41743B5DF0040FB98 /* Debug */ = {
			isa = XCBuildConfiguration;
			buildSettings = {
				BUNDLE_LOADER = "$(BUILT_PRODUCTS_DIR)/GTurns.app/GTurns";
				FRAMEWORK_SEARCH_PATHS = (
					"\"$(SDKROOT)/Developer/Library/Frameworks\"",
					"\"$(DEVELOPER_LIBRARY_DIR)/Frameworks\"",
				);
				GCC_PRECOMPILE_PREFIX_HEADER = YES;
				GCC_PREFIX_HEADER = "GTurns/GTurns-Prefix.pch";
				INFOPLIST_FILE = "GTurnsTests/GTurnsTests-Info.plist";
				PRODUCT_NAME = "$(TARGET_NAME)";
				TEST_HOST = "$(BUNDLE_LOADER)";
				WRAPPER_EXTENSION = octest;
			};
			name = Debug;
		};
		6C4161F51743B5DF0040FB98 /* Release */ = {
			isa = XCBuildConfiguration;
			buildSettings = {
				BUNDLE_LOADER = "$(BUILT_PRODUCTS_DIR)/GTurns.app/GTurns";
				FRAMEWORK_SEARCH_PATHS = (
					"\"$(SDKROOT)/Developer/Library/Frameworks\"",
					"\"$(DEVELOPER_LIBRARY_DIR)/Frameworks\"",
				);
				GCC_PRECOMPILE_PREFIX_HEADER = YES;
				GCC_PREFIX_HEADER = "GTurns/GTurns-Prefix.pch";
				INFOPLIST_FILE = "GTurnsTests/GTurnsTests-Info.plist";
				PRODUCT_NAME = "$(TARGET_NAME)";
				TEST_HOST = "$(BUNDLE_LOADER)";
				WRAPPER_EXTENSION = octest;
			};
			name = Release;
		};
/* End XCBuildConfiguration section */

/* Begin XCConfigurationList section */
		6C4161B01743B5DF0040FB98 /* Build configuration list for PBXProject "GTurns" */ = {
			isa = XCConfigurationList;
			buildConfigurations = (
				6C4161EE1743B5DF0040FB98 /* Debug */,
				6C4161EF1743B5DF0040FB98 /* Release */,
			);
			defaultConfigurationIsVisible = 0;
			defaultConfigurationName = Release;
		};
		6C4161F01743B5DF0040FB98 /* Build configuration list for PBXNativeTarget "GTurns" */ = {
			isa = XCConfigurationList;
			buildConfigurations = (
				6C4161F11743B5DF0040FB98 /* Debug */,
				6C4161F21743B5DF0040FB98 /* Release */,
			);
			defaultConfigurationIsVisible = 0;
			defaultConfigurationName = Release;
		};
		6C4161F31743B5DF0040FB98 /* Build configuration list for PBXNativeTarget "GTurnsTests" */ = {
			isa = XCConfigurationList;
			buildConfigurations = (
				6C4161F41743B5DF0040FB98 /* Debug */,
				6C4161F51743B5DF0040FB98 /* Release */,
			);
			defaultConfigurationIsVisible = 0;
			defaultConfigurationName = Release;
		};
/* End XCConfigurationList section */
	};
	rootObject = 6C4161AD1743B5DF0040FB98 /* Project object */;
}
